
Microsoft Visual Studio Solution File, Format Version 12.00
# Visual Studio Version 16
VisualStudioVersion = 16.0.31129.286
MinimumVisualStudioVersion = 10.0.40219.1
Project("{FAE04EC0-301F-11D3-BF4B-00C04F79EFBC}") = "Paintball Server", "Paintball Server.csproj", "{B9888E2F-3BFC-406A-B15A-E463537BA2E8}"
EndProject
Global
	GlobalSection(SolutionConfigurationPlatforms) = preSolution
		Debug|Any CPU = Debug|Any CPU
		Release|Any CPU = Release|Any CPU
	EndGlobalSection
	GlobalSection(ProjectConfigurationPlatforms) = postSolution
		{B9888E2F-3BFC-406A-B15A-E463537BA2E8}.Debug|Any CPU.ActiveCfg = Debug|Any CPU
		{B9888E2F-3BFC-406A-B15A-E463537BA2E8}.Debug|Any CPU.Build.0 = Debug|Any CPU
		{B9888E2F-3BFC-406A-B15A-E463537BA2E8}.Release|Any CPU.ActiveCfg = Release|Any CPU
		{B9888E2F-3BFC-406A-B15A-E463537BA2E8}.Release|Any CPU.Build.0 = Release|Any CPU
	EndGlobalSection
	GlobalSection(SolutionProperties) = preSolution
		HideSolutionNode = FALSE
	EndGlobalSection
	GlobalSection(ExtensibilityGlobals) = postSolution
		SolutionGuid = {CBFD660F-7501-4A08-8823-25193E8AF888}
	EndGlobalSection
EndGlobal
